
Microsoft Visual Studio Solution File, Format Version 12.00
# Visual Studio Version 17
VisualStudioVersion = 17.13.35919.96
MinimumVisualStudioVersion = 10.0.40219.1
Project("{FAE04EC0-301F-11D3-BF4B-00C04F79EFBC}") = "PlatformService", "PlatformService\PlatformService.csproj", "{A4BBAB06-9986-4FF1-9F31-E1C6E665160A}"
EndProject
Project("{FAE04EC0-301F-11D3-BF4B-00C04F79EFBC}") = "CommandsService", "CommandsService\CommandsService.csproj", "{24672B50-BD1B-4A65-BBBB-E97574ECC455}"
EndProject
Global
	GlobalSection(SolutionConfigurationPlatforms) = preSolution
		Debug|Any CPU = Debug|Any CPU
		Release|Any CPU = Release|Any CPU
	EndGlobalSection
	GlobalSection(ProjectConfigurationPlatforms) = postSolution
		{A4BBAB06-9986-4FF1-9F31-E1C6E665160A}.Debug|Any CPU.ActiveCfg = Debug|Any CPU
		{A4BBAB06-9986-4FF1-9F31-E1C6E665160A}.Debug|Any CPU.Build.0 = Debug|Any CPU
		{A4BBAB06-9986-4FF1-9F31-E1C6E665160A}.Release|Any CPU.ActiveCfg = Release|Any CPU
		{A4BBAB06-9986-4FF1-9F31-E1C6E665160A}.Release|Any CPU.Build.0 = Release|Any CPU
		{24672B50-BD1B-4A65-BBBB-E97574ECC455}.Debug|Any CPU.ActiveCfg = Debug|Any CPU
		{24672B50-BD1B-4A65-BBBB-E97574ECC455}.Debug|Any CPU.Build.0 = Debug|Any CPU
		{24672B50-BD1B-4A65-BBBB-E97574ECC455}.Release|Any CPU.ActiveCfg = Release|Any CPU
		{24672B50-BD1B-4A65-BBBB-E97574ECC455}.Release|Any CPU.Build.0 = Release|Any CPU
	EndGlobalSection
	GlobalSection(SolutionProperties) = preSolution
		HideSolutionNode = FALSE
	EndGlobalSection
	GlobalSection(ExtensibilityGlobals) = postSolution
		SolutionGuid = {CADDAAEE-3947-4114-8526-5ED1EDFD0334}
	EndGlobalSection
EndGlobal
